
Microsoft Visual Studio Solution File, Format Version 12.00
# Visual Studio Version 17
VisualStudioVersion = 17.3.32819.101
MinimumVisualStudioVersion = 10.0.40219.1
Project("{2150E333-8FDC-42A3-9474-1A3956D46DE8}") = "Web", "Web", "{2B321BC7-0BB0-4C2D-A87E-C58EBD8BF7FE}"
EndProject
Project("{2150E333-8FDC-42A3-9474-1A3956D46DE8}") = "Common", "Common", "{C00C878B-B51C-4530-82E8-79267635FFCC}"
EndProject
Project("{2150E333-8FDC-42A3-9474-1A3956D46DE8}") = "Core", "Core", "{6BCE0632-66D2-404D-89BE-B257189EC0D7}"
EndProject
Project("{9A19103F-16F7-4668-BE54-9A1E7A4F7556}") = "Automation.Web.Core", "Web\Core\Automation.Web.Core\Automation.Web.Core.csproj", "{F6AF4731-40B8-400B-BB2E-28F67C834D0D}"
EndProject
Project("{2150E333-8FDC-42A3-9474-1A3956D46DE8}") = "Tests", "Tests", "{D5D373B7-88E1-450D-9DEB-907D7B479731}"
EndProject
Project("{2150E333-8FDC-42A3-9474-1A3956D46DE8}") = "Web", "Web", "{AC051875-C245-454C-9092-C4B44C31CF12}"
EndProject
Project("{9A19103F-16F7-4668-BE54-9A1E7A4F7556}") = "WebTest", "Tests\Web\WebTest\WebTest.csproj", "{5A724202-F936-436C-A637-4D4CD5DCD33E}"
EndProject
Project("{2150E333-8FDC-42A3-9474-1A3956D46DE8}") = "NUnit", "NUnit", "{186200CF-267F-40AB-98A1-2DE0B61C2D17}"
EndProject
Project("{9A19103F-16F7-4668-BE54-9A1E7A4F7556}") = "Automation.Web.NUnit", "Web\NUnit\Automation.Web.NUnit\Automation.Web.NUnit.csproj", "{FA0F8899-2AB5-40F5-8695-22E01FC2410A}"
EndProject
Project("{9A19103F-16F7-4668-BE54-9A1E7A4F7556}") = "Automation.Web.Core.Forms", "Web\Core\Automation.Web.Core.Forms\Automation.Web.Core.Forms.csproj", "{24A66DB6-4EA2-412C-B238-813199D88210}"
EndProject
Project("{9A19103F-16F7-4668-BE54-9A1E7A4F7556}") = "WebTest.Specs", "Tests\Web\WebTest.Specs\WebTest.Specs.csproj", "{202BC433-314A-4469-8A94-AF73E4EE6649}"
EndProject
Project("{2150E333-8FDC-42A3-9474-1A3956D46DE8}") = "Specflow", "Specflow", "{D727E431-707A-495F-A077-C734907D9C00}"
EndProject
Project("{FAE04EC0-301F-11D3-BF4B-00C04F79EFBC}") = "Automation.Web.Specflow", "Automation.Web.Specflow\Automation.Web.Specflow.csproj", "{782A30C6-7735-4978-83EF-E0B31A062DF2}"
EndProject
Global
	GlobalSection(SolutionConfigurationPlatforms) = preSolution
		Debug|Any CPU = Debug|Any CPU
		Release|Any CPU = Release|Any CPU
	EndGlobalSection
	GlobalSection(ProjectConfigurationPlatforms) = postSolution
		{F6AF4731-40B8-400B-BB2E-28F67C834D0D}.Debug|Any CPU.ActiveCfg = Debug|Any CPU
		{F6AF4731-40B8-400B-BB2E-28F67C834D0D}.Debug|Any CPU.Build.0 = Debug|Any CPU
		{F6AF4731-40B8-400B-BB2E-28F67C834D0D}.Release|Any CPU.ActiveCfg = Release|Any CPU
		{F6AF4731-40B8-400B-BB2E-28F67C834D0D}.Release|Any CPU.Build.0 = Release|Any CPU
		{5A724202-F936-436C-A637-4D4CD5DCD33E}.Debug|Any CPU.ActiveCfg = Debug|Any CPU
		{5A724202-F936-436C-A637-4D4CD5DCD33E}.Debug|Any CPU.Build.0 = Debug|Any CPU
		{5A724202-F936-436C-A637-4D4CD5DCD33E}.Release|Any CPU.ActiveCfg = Release|Any CPU
		{5A724202-F936-436C-A637-4D4CD5DCD33E}.Release|Any CPU.Build.0 = Release|Any CPU
		{FA0F8899-2AB5-40F5-8695-22E01FC2410A}.Debug|Any CPU.ActiveCfg = Debug|Any CPU
		{FA0F8899-2AB5-40F5-8695-22E01FC2410A}.Debug|Any CPU.Build.0 = Debug|Any CPU
		{FA0F8899-2AB5-40F5-8695-22E01FC2410A}.Release|Any CPU.ActiveCfg = Release|Any CPU
		{FA0F8899-2AB5-40F5-8695-22E01FC2410A}.Release|Any CPU.Build.0 = Release|Any CPU
		{24A66DB6-4EA2-412C-B238-813199D88210}.Debug|Any CPU.ActiveCfg = Debug|Any CPU
		{24A66DB6-4EA2-412C-B238-813199D88210}.Debug|Any CPU.Build.0 = Debug|Any CPU
		{24A66DB6-4EA2-412C-B238-813199D88210}.Release|Any CPU.ActiveCfg = Release|Any CPU
		{24A66DB6-4EA2-412C-B238-813199D88210}.Release|Any CPU.Build.0 = Release|Any CPU
		{202BC433-314A-4469-8A94-AF73E4EE6649}.Debug|Any CPU.ActiveCfg = Debug|Any CPU
		{202BC433-314A-4469-8A94-AF73E4EE6649}.Debug|Any CPU.Build.0 = Debug|Any CPU
		{202BC433-314A-4469-8A94-AF73E4EE6649}.Release|Any CPU.ActiveCfg = Release|Any CPU
		{202BC433-314A-4469-8A94-AF73E4EE6649}.Release|Any CPU.Build.0 = Release|Any CPU
		{782A30C6-7735-4978-83EF-E0B31A062DF2}.Debug|Any CPU.ActiveCfg = Debug|Any CPU
		{782A30C6-7735-4978-83EF-E0B31A062DF2}.Debug|Any CPU.Build.0 = Debug|Any CPU
		{782A30C6-7735-4978-83EF-E0B31A062DF2}.Release|Any CPU.ActiveCfg = Release|Any CPU
		{782A30C6-7735-4978-83EF-E0B31A062DF2}.Release|Any CPU.Build.0 = Release|Any CPU
	EndGlobalSection
	GlobalSection(SolutionProperties) = preSolution
		HideSolutionNode = FALSE
	EndGlobalSection
	GlobalSection(NestedProjects) = preSolution
		{6BCE0632-66D2-404D-89BE-B257189EC0D7} = {2B321BC7-0BB0-4C2D-A87E-C58EBD8BF7FE}
		{F6AF4731-40B8-400B-BB2E-28F67C834D0D} = {6BCE0632-66D2-404D-89BE-B257189EC0D7}
		{AC051875-C245-454C-9092-C4B44C31CF12} = {D5D373B7-88E1-450D-9DEB-907D7B479731}
		{5A724202-F936-436C-A637-4D4CD5DCD33E} = {AC051875-C245-454C-9092-C4B44C31CF12}
		{186200CF-267F-40AB-98A1-2DE0B61C2D17} = {2B321BC7-0BB0-4C2D-A87E-C58EBD8BF7FE}
		{FA0F8899-2AB5-40F5-8695-22E01FC2410A} = {186200CF-267F-40AB-98A1-2DE0B61C2D17}
		{24A66DB6-4EA2-412C-B238-813199D88210} = {6BCE0632-66D2-404D-89BE-B257189EC0D7}
		{202BC433-314A-4469-8A94-AF73E4EE6649} = {AC051875-C245-454C-9092-C4B44C31CF12}
		{D727E431-707A-495F-A077-C734907D9C00} = {2B321BC7-0BB0-4C2D-A87E-C58EBD8BF7FE}
		{782A30C6-7735-4978-83EF-E0B31A062DF2} = {D727E431-707A-495F-A077-C734907D9C00}
	EndGlobalSection
	GlobalSection(ExtensibilityGlobals) = postSolution
		SolutionGuid = {CED90D9D-396E-4847-A7C2-A7901B453DC7}
	EndGlobalSection
EndGlobal
